
Microsoft Visual Studio Solution File, Format Version 12.00
# Visual Studio 15
VisualStudioVersion = 15.0.28307.572
MinimumVisualStudioVersion = 10.0.40219.1
Project("{FAE04EC0-301F-11D3-BF4B-00C04F79EFBC}") = "DataAccess", "DataAccess\DataAccess.csproj", "{CB91493A-5931-4607-8F21-07B83FC9D485}"
EndProject
Project("{FAE04EC0-301F-11D3-BF4B-00C04F79EFBC}") = "Business", "Business\Business.csproj", "{4A51BC2D-3D28-459D-A33E-73AE07F1CF6D}"
EndProject
Project("{FAE04EC0-301F-11D3-BF4B-00C04F79EFBC}") = "Entities", "Entity\Entities.csproj", "{4BBF272F-9D46-4D50-B0DE-8627651ED463}"
EndProject
Project("{FAE04EC0-301F-11D3-BF4B-00C04F79EFBC}") = "Core", "Core\Core.csproj", "{7E1D6748-A71C-43FE-94A8-837A8D9FA4EB}"
EndProject
Project("{FAE04EC0-301F-11D3-BF4B-00C04F79EFBC}") = "Desktop", "Desktop\Desktop.csproj", "{A3E67F87-09D5-4CA6-9F67-778201760027}"
EndProject
Project("{FAE04EC0-301F-11D3-BF4B-00C04F79EFBC}") = "Web", "Web\Web.csproj", "{A40F7823-BE55-4EBD-9015-A5D61173FEF3}"
EndProject
Project("{FAE04EC0-301F-11D3-BF4B-00C04F79EFBC}") = "WebService", "WebService\WebService.csproj", "{867460A9-8CEC-463E-B960-156A2C2C3FBA}"
EndProject
Global
	GlobalSection(SolutionConfigurationPlatforms) = preSolution
		Debug|Any CPU = Debug|Any CPU
		Release|Any CPU = Release|Any CPU
	EndGlobalSection
	GlobalSection(ProjectConfigurationPlatforms) = postSolution
		{CB91493A-5931-4607-8F21-07B83FC9D485}.Debug|Any CPU.ActiveCfg = Debug|Any CPU
		{CB91493A-5931-4607-8F21-07B83FC9D485}.Debug|Any CPU.Build.0 = Debug|Any CPU
		{CB91493A-5931-4607-8F21-07B83FC9D485}.Release|Any CPU.ActiveCfg = Release|Any CPU
		{CB91493A-5931-4607-8F21-07B83FC9D485}.Release|Any CPU.Build.0 = Release|Any CPU
		{4A51BC2D-3D28-459D-A33E-73AE07F1CF6D}.Debug|Any CPU.ActiveCfg = Debug|Any CPU
		{4A51BC2D-3D28-459D-A33E-73AE07F1CF6D}.Debug|Any CPU.Build.0 = Debug|Any CPU
		{4A51BC2D-3D28-459D-A33E-73AE07F1CF6D}.Release|Any CPU.ActiveCfg = Release|Any CPU
		{4A51BC2D-3D28-459D-A33E-73AE07F1CF6D}.Release|Any CPU.Build.0 = Release|Any CPU
		{4BBF272F-9D46-4D50-B0DE-8627651ED463}.Debug|Any CPU.ActiveCfg = Debug|Any CPU
		{4BBF272F-9D46-4D50-B0DE-8627651ED463}.Debug|Any CPU.Build.0 = Debug|Any CPU
		{4BBF272F-9D46-4D50-B0DE-8627651ED463}.Release|Any CPU.ActiveCfg = Release|Any CPU
		{4BBF272F-9D46-4D50-B0DE-8627651ED463}.Release|Any CPU.Build.0 = Release|Any CPU
		{7E1D6748-A71C-43FE-94A8-837A8D9FA4EB}.Debug|Any CPU.ActiveCfg = Debug|Any CPU
		{7E1D6748-A71C-43FE-94A8-837A8D9FA4EB}.Debug|Any CPU.Build.0 = Debug|Any CPU
		{7E1D6748-A71C-43FE-94A8-837A8D9FA4EB}.Release|Any CPU.ActiveCfg = Release|Any CPU
		{7E1D6748-A71C-43FE-94A8-837A8D9FA4EB}.Release|Any CPU.Build.0 = Release|Any CPU
		{A3E67F87-09D5-4CA6-9F67-778201760027}.Debug|Any CPU.ActiveCfg = Debug|Any CPU
		{A3E67F87-09D5-4CA6-9F67-778201760027}.Debug|Any CPU.Build.0 = Debug|Any CPU
		{A3E67F87-09D5-4CA6-9F67-778201760027}.Release|Any CPU.ActiveCfg = Release|Any CPU
		{A3E67F87-09D5-4CA6-9F67-778201760027}.Release|Any CPU.Build.0 = Release|Any CPU
		{A40F7823-BE55-4EBD-9015-A5D61173FEF3}.Debug|Any CPU.ActiveCfg = Debug|Any CPU
		{A40F7823-BE55-4EBD-9015-A5D61173FEF3}.Debug|Any CPU.Build.0 = Debug|Any CPU
		{A40F7823-BE55-4EBD-9015-A5D61173FEF3}.Release|Any CPU.ActiveCfg = Release|Any CPU
		{A40F7823-BE55-4EBD-9015-A5D61173FEF3}.Release|Any CPU.Build.0 = Release|Any CPU
		{867460A9-8CEC-463E-B960-156A2C2C3FBA}.Debug|Any CPU.ActiveCfg = Debug|Any CPU
		{867460A9-8CEC-463E-B960-156A2C2C3FBA}.Debug|Any CPU.Build.0 = Debug|Any CPU
		{867460A9-8CEC-463E-B960-156A2C2C3FBA}.Release|Any CPU.ActiveCfg = Release|Any CPU
		{867460A9-8CEC-463E-B960-156A2C2C3FBA}.Release|Any CPU.Build.0 = Release|Any CPU
	EndGlobalSection
	GlobalSection(SolutionProperties) = preSolution
		HideSolutionNode = FALSE
	EndGlobalSection
	GlobalSection(ExtensibilityGlobals) = postSolution
		SolutionGuid = {F764CF4A-4D41-40E1-A5A7-DAA18D2926BB}
	EndGlobalSection
EndGlobal
